Microsoft Visual Studio Solution File, Format Version 12.00
# Visual Studio Version 17
VisualStudioVersion = 17.13.35931.197
MinimumVisualStudioVersion = 10.0.40219.1
Project("{FAE04EC0-301F-11D3-BF4B-00C04F79EFBC}") = "SharpKit", "SharpKit\SharpKit.csproj", "{785ED918-465D-43A9-99DA-D5542EA2CBA7}"
EndProject
Global
	GlobalSection(SolutionConfigurationPlatforms) = preSolution
		Debug|Any CPU = Debug|Any CPU
		Release|Any CPU = Release|Any CPU
	EndGlobalSection
	GlobalSection(ProjectConfigurationPlatforms) = postSolution
		{785ED918-465D-43A9-99DA-D5542EA2CBA7}.Debug|Any CPU.ActiveCfg = Debug|Any CPU
		{785ED918-465D-43A9-99DA-D5542EA2CBA7}.Debug|Any CPU.Build.0 = Debug|Any CPU
		{785ED918-465D-43A9-99DA-D5542EA2CBA7}.Release|Any CPU.ActiveCfg = Release|Any CPU
		{785ED918-465D-43A9-99DA-D5542EA2CBA7}.Release|Any CPU.Build.0 = Release|Any CPU
	EndGlobalSection
	GlobalSection(SolutionProperties) = preSolution
		HideSolutionNode = FALSE
	EndGlobalSection
	GlobalSection(ExtensibilityGlobals) = postSolution
		SolutionGuid = {711D930A-D42D-4321-B225-83A1BEE18345}
	EndGlobalSection
EndGlobal
